;;;;;;;;;;;;;;;;;;;;;;;;;;;;;;;;;;;;;;;;;;;;;;;;;;;;;;;;;;;;;;;;;;;;;;;;;;;;;;;;
;; This is autogenerated by CLPM. Do not edit by hand.
;;;;;;;;;;;;;;;;;;;;;;;;;;;;;;;;;;;;;;;;;;;;;;;;;;;;;;;;;;;;;;;;;;;;;;;;;;;;;;;;

(:api-version "0.3")

;;;;;;;;;;;;;;;;;;;;;;;;;;;;;;;;;;;;;;;;;;;;;;;;;;;;;;;;;;;;;;;;;;;;;;;;;;;;;;;;
;; BEGIN SOURCES
;;;;;;;;;;;;;;;;;;;;;;;;;;;;;;;;;;;;;;;;;;;;;;;;;;;;;;;;;;;;;;;;;;;;;;;;;;;;;;;;

:sources
(:implicit-file :type :file-system :system-files ("seedable-rng.asd"))
(:implicit-vcs :type :vcs :projects
 (("ironclad" :github :path "sharplispers/ironclad")
  ("mfiano-utils" :github :path "mfiano/mfiano-utils")))
("quicklisp" :url "https://beta.quicklisp.org/dist/quicklisp.txt" :type
 :quicklisp)


;;;;;;;;;;;;;;;;;;;;;;;;;;;;;;;;;;;;;;;;;;;;;;;;;;;;;;;;;;;;;;;;;;;;;;;;;;;;;;;;
;; BEGIN REQUIREMENTS
;;;;;;;;;;;;;;;;;;;;;;;;;;;;;;;;;;;;;;;;;;;;;;;;;;;;;;;;;;;;;;;;;;;;;;;;;;;;;;;;

:requirements
(:project :name "ironclad" :branch "master" :source :implicit-vcs)
(:project :name "mfiano-utils" :branch "master" :source :implicit-vcs)
(:system :name "cl-pcg")
(:asd-file :name "seedable-rng.asd")


;;;;;;;;;;;;;;;;;;;;;;;;;;;;;;;;;;;;;;;;;;;;;;;;;;;;;;;;;;;;;;;;;;;;;;;;;;;;;;;;
;; BEGIN RELEASES
;;;;;;;;;;;;;;;;;;;;;;;;;;;;;;;;;;;;;;;;;;;;;;;;;;;;;;;;;;;;;;;;;;;;;;;;;;;;;;;;

:releases
("alexandria" :version "2021-08-07" :source "quicklisp" :systems ("alexandria"))
("bordeaux-threads" :version "2020-06-10" :source "quicklisp" :systems
 ("bordeaux-threads"))
("cl-pcg" :version "2020-10-16" :source "quicklisp" :systems ("cl-pcg"))
("flexi-streams" :version "2021-08-07" :source "quicklisp" :systems
 ("flexi-streams"))
("ironclad" :version (:commit "dd08d82af03c39e607fdbde75fcd948e89d0ee1d")
 :source :implicit-vcs :systems ("ironclad" "ironclad-text" "ironclad/tests"))
("mfiano-utils" :version (:commit "cc3746c5f47b2ba8f5afa7b3e914b2e1d0ffaac7")
 :source :implicit-vcs :systems ("mfiano-utils"))
("rt" :version "2010-10-07" :source "quicklisp" :systems ("rt"))
("seedable-rng.asd" :version :newest :source :implicit-file :systems
 ("seedable-rng"))
("trivial-gray-streams" :version "2021-01-24" :source "quicklisp" :systems
 ("trivial-gray-streams"))


;;;;;;;;;;;;;;;;;;;;;;;;;;;;;;;;;;;;;;;;;;;;;;;;;;;;;;;;;;;;;;;;;;;;;;;;;;;;;;;;
;; BEGIN REVERSE-DEPENDENCIES
;;;;;;;;;;;;;;;;;;;;;;;;;;;;;;;;;;;;;;;;;;;;;;;;;;;;;;;;;;;;;;;;;;;;;;;;;;;;;;;;

:reverse-dependencies
("alexandria" ((:system :name "mfiano-utils") (:system :name "alexandria"))
 ((:system :name "bordeaux-threads") (:system :name "alexandria")))

("bordeaux-threads"
 ((:system :name "ironclad") (:system :name "bordeaux-threads")))

("cl-pcg" ((:system :name "seedable-rng") (:system :name "cl-pcg"))
 (t (:system :name "cl-pcg")))

("flexi-streams"
 ((:system :name "ironclad-text") (:system :name "flexi-streams")))

("ironclad" ((:system :name "seedable-rng") (:system :name "ironclad"))
 ((:system :name "ironclad/tests") (:system :name "ironclad"))
 ((:system :name "ironclad-text") (:system :name "ironclad"))
 (t (:project :name "ironclad" :branch "master" :source :implicit-vcs)))

("mfiano-utils" ((:system :name "seedable-rng") (:system :name "mfiano-utils"))
 (t (:project :name "mfiano-utils" :branch "master" :source :implicit-vcs)))

("rt" ((:system :name "ironclad/tests") (:system :name "rt")))

("seedable-rng.asd" (t (:asd-file :name "seedable-rng.asd")))

("trivial-gray-streams"
 ((:system :name "flexi-streams") (:system :name "trivial-gray-streams")))

