;;;;;;;;;;;;;;;;;;;;;;;;;;;;;;;;;;;;;;;;;;;;;;;;;;;;;;;;;;;;;;;;;;;;;;;;;;;;;;;;
;; This is autogenerated by CLPM. Do not edit by hand.
;;;;;;;;;;;;;;;;;;;;;;;;;;;;;;;;;;;;;;;;;;;;;;;;;;;;;;;;;;;;;;;;;;;;;;;;;;;;;;;;

(:api-version "0.4")

;;;;;;;;;;;;;;;;;;;;;;;;;;;;;;;;;;;;;;;;;;;;;;;;;;;;;;;;;;;;;;;;;;;;;;;;;;;;;;;;
;; BEGIN SOURCES
;;;;;;;;;;;;;;;;;;;;;;;;;;;;;;;;;;;;;;;;;;;;;;;;;;;;;;;;;;;;;;;;;;;;;;;;;;;;;;;;

:sources
(:implicit-file :type :file-system :system-files
 ("../../include/mfiano.scripts.base.asd"))
(:implicit-file :type :file-system :system-files
 ("mfiano.scripts.cpu-usage.asd"))
(:implicit-vcs :type :vcs :projects
 (("mfiano-utils" :github :path "mfiano/mfiano-utils")))
("quicklisp" :url "https://beta.quicklisp.org/dist/quicklisp.txt" :type
 :quicklisp)


;;;;;;;;;;;;;;;;;;;;;;;;;;;;;;;;;;;;;;;;;;;;;;;;;;;;;;;;;;;;;;;;;;;;;;;;;;;;;;;;
;; BEGIN REQUIREMENTS
;;;;;;;;;;;;;;;;;;;;;;;;;;;;;;;;;;;;;;;;;;;;;;;;;;;;;;;;;;;;;;;;;;;;;;;;;;;;;;;;

:requirements
(:project :name "mfiano-utils" :branch "master" :source :implicit-vcs)
(:system :name "cffi")
(:asd-file :name "../../include/mfiano.scripts.base.asd")
(:asd-file :name "mfiano.scripts.cpu-usage.asd")


;;;;;;;;;;;;;;;;;;;;;;;;;;;;;;;;;;;;;;;;;;;;;;;;;;;;;;;;;;;;;;;;;;;;;;;;;;;;;;;;
;; BEGIN RELEASES
;;;;;;;;;;;;;;;;;;;;;;;;;;;;;;;;;;;;;;;;;;;;;;;;;;;;;;;;;;;;;;;;;;;;;;;;;;;;;;;;

:releases
("../../include/mfiano.scripts.base.asd" :version :newest :source
 :implicit-file :systems ("mfiano.scripts.base"))
("adopt" :version "2021-05-31" :source "quicklisp" :systems ("adopt"))
("alexandria" :version "2021-08-07" :source "quicklisp" :systems ("alexandria"))
("babel" :version "2020-09-25" :source "quicklisp" :systems ("babel"))
("bobbin" :version "2020-10-16" :source "quicklisp" :systems ("bobbin"))
("cffi" :version "2021-04-11" :source "quicklisp" :systems ("cffi"))
("local-time" :version "2021-01-24" :source "quicklisp" :systems ("local-time"))
("mfiano-utils" :version (:commit "7755480600a83301ed0fefa13fad69714f46aa54")
 :source :implicit-vcs :systems ("mfiano-utils"))
("mfiano.scripts.cpu-usage.asd" :version :newest :source :implicit-file
 :systems ("mfiano.scripts.cpu-usage"))
("parse-float" :version "2020-02-18" :source "quicklisp" :systems
 ("parse-float"))
("split-sequence" :version "2021-05-31" :source "quicklisp" :systems
 ("split-sequence"))
("trivial-features" :version "2021-04-11" :source "quicklisp" :systems
 ("trivial-features"))
("with-user-abort" :version "2021-04-11" :source "quicklisp" :systems
 ("with-user-abort"))


;;;;;;;;;;;;;;;;;;;;;;;;;;;;;;;;;;;;;;;;;;;;;;;;;;;;;;;;;;;;;;;;;;;;;;;;;;;;;;;;
;; BEGIN REVERSE-DEPENDENCIES
;;;;;;;;;;;;;;;;;;;;;;;;;;;;;;;;;;;;;;;;;;;;;;;;;;;;;;;;;;;;;;;;;;;;;;;;;;;;;;;;

:reverse-dependencies
("../../include/mfiano.scripts.base.asd"
 ((:system :name "mfiano.scripts.cpu-usage")
  (:system :name "mfiano.scripts.base"))
 (t (:asd-file :name "../../include/mfiano.scripts.base.asd")))

("adopt" ((:system :name "mfiano.scripts.base") (:system :name "adopt")))

("alexandria" ((:system :name "parse-float") (:system :name "alexandria"))
 ((:system :name "mfiano-utils") (:system :name "alexandria"))
 ((:system :name "cffi") (:system :name "alexandria"))
 ((:system :name "babel") (:system :name "alexandria")))

("babel" ((:system :name "cffi") (:system :name "babel")))

("bobbin" ((:system :name "adopt") (:system :name "bobbin")))

("cffi" ((:system :name "mfiano.scripts.cpu-usage") (:system :name "cffi"))
 (t (:system :name "cffi")))

("local-time"
 ((:system :name "mfiano.scripts.base") (:system :name "local-time")))

("mfiano-utils"
 ((:system :name "mfiano.scripts.cpu-usage") (:system :name "mfiano-utils"))
 ((:system :name "mfiano.scripts.base") (:system :name "mfiano-utils"))
 (t (:project :name "mfiano-utils" :branch "master" :source :implicit-vcs)))

("mfiano.scripts.cpu-usage.asd"
 (t (:asd-file :name "mfiano.scripts.cpu-usage.asd")))

("parse-float"
 ((:system :name "mfiano.scripts.base") (:system :name "parse-float")))

("split-sequence" ((:system :name "bobbin") (:system :name "split-sequence"))
 ((:system :name "adopt") (:system :name "split-sequence")))

("trivial-features" ((:system :name "cffi") (:system :name "trivial-features"))
 ((:system :name "babel") (:system :name "trivial-features")))

("with-user-abort"
 ((:system :name "mfiano.scripts.base") (:system :name "with-user-abort")))

