;;;;;;;;;;;;;;;;;;;;;;;;;;;;;;;;;;;;;;;;;;;;;;;;;;;;;;;;;;;;;;;;;;;;;;;;;;;;;;;;
;; This is autogenerated by CLPM. Do not edit by hand.
;;;;;;;;;;;;;;;;;;;;;;;;;;;;;;;;;;;;;;;;;;;;;;;;;;;;;;;;;;;;;;;;;;;;;;;;;;;;;;;;

(:api-version "0.4")

;;;;;;;;;;;;;;;;;;;;;;;;;;;;;;;;;;;;;;;;;;;;;;;;;;;;;;;;;;;;;;;;;;;;;;;;;;;;;;;;
;; BEGIN SOURCES
;;;;;;;;;;;;;;;;;;;;;;;;;;;;;;;;;;;;;;;;;;;;;;;;;;;;;;;;;;;;;;;;;;;;;;;;;;;;;;;;

:sources
(:implicit-file :type :file-system :system-files ("mfiano.scripts.base.asd"))
(:implicit-vcs :type :vcs :projects
 (("mfiano-utils" :github :path "mfiano/mfiano-utils")))
("quicklisp" :url "https://beta.quicklisp.org/dist/quicklisp.txt" :type
 :quicklisp)


;;;;;;;;;;;;;;;;;;;;;;;;;;;;;;;;;;;;;;;;;;;;;;;;;;;;;;;;;;;;;;;;;;;;;;;;;;;;;;;;
;; BEGIN REQUIREMENTS
;;;;;;;;;;;;;;;;;;;;;;;;;;;;;;;;;;;;;;;;;;;;;;;;;;;;;;;;;;;;;;;;;;;;;;;;;;;;;;;;

:requirements
(:project :name "mfiano-utils" :branch "master" :source :implicit-vcs)
(:system :name "with-user-abort")
(:system :name "parse-float")
(:system :name "local-time")
(:system :name "adopt")
(:asd-file :name "mfiano.scripts.base.asd")


;;;;;;;;;;;;;;;;;;;;;;;;;;;;;;;;;;;;;;;;;;;;;;;;;;;;;;;;;;;;;;;;;;;;;;;;;;;;;;;;
;; BEGIN RELEASES
;;;;;;;;;;;;;;;;;;;;;;;;;;;;;;;;;;;;;;;;;;;;;;;;;;;;;;;;;;;;;;;;;;;;;;;;;;;;;;;;

:releases
("adopt" :version "2021-05-31" :source "quicklisp" :systems ("adopt"))
("alexandria" :version "2021-08-07" :source "quicklisp" :systems ("alexandria"))
("bobbin" :version "2020-10-16" :source "quicklisp" :systems ("bobbin"))
("local-time" :version "2021-01-24" :source "quicklisp" :systems ("local-time"))
("mfiano-utils" :version (:commit "7755480600a83301ed0fefa13fad69714f46aa54")
 :source :implicit-vcs :systems ("mfiano-utils"))
("mfiano.scripts.base.asd" :version :newest :source :implicit-file :systems
 ("mfiano.scripts.base"))
("parse-float" :version "2020-02-18" :source "quicklisp" :systems
 ("parse-float"))
("split-sequence" :version "2021-05-31" :source "quicklisp" :systems
 ("split-sequence"))
("with-user-abort" :version "2021-04-11" :source "quicklisp" :systems
 ("with-user-abort"))


;;;;;;;;;;;;;;;;;;;;;;;;;;;;;;;;;;;;;;;;;;;;;;;;;;;;;;;;;;;;;;;;;;;;;;;;;;;;;;;;
;; BEGIN REVERSE-DEPENDENCIES
;;;;;;;;;;;;;;;;;;;;;;;;;;;;;;;;;;;;;;;;;;;;;;;;;;;;;;;;;;;;;;;;;;;;;;;;;;;;;;;;

:reverse-dependencies
("adopt" ((:system :name "mfiano.scripts.base") (:system :name "adopt"))
 (t (:system :name "adopt")))

("alexandria" ((:system :name "parse-float") (:system :name "alexandria"))
 ((:system :name "mfiano-utils") (:system :name "alexandria")))

("bobbin" ((:system :name "adopt") (:system :name "bobbin")))

("local-time"
 ((:system :name "mfiano.scripts.base") (:system :name "local-time"))
 (t (:system :name "local-time")))

("mfiano-utils"
 ((:system :name "mfiano.scripts.base") (:system :name "mfiano-utils"))
 (t (:project :name "mfiano-utils" :branch "master" :source :implicit-vcs)))

("mfiano.scripts.base.asd" (t (:asd-file :name "mfiano.scripts.base.asd")))

("parse-float"
 ((:system :name "mfiano.scripts.base") (:system :name "parse-float"))
 (t (:system :name "parse-float")))

("split-sequence" ((:system :name "bobbin") (:system :name "split-sequence"))
 ((:system :name "adopt") (:system :name "split-sequence")))

("with-user-abort"
 ((:system :name "mfiano.scripts.base") (:system :name "with-user-abort"))
 (t (:system :name "with-user-abort")))

